// !$*UTF8*$!
{
	archiveVersion = 1;
	classes = {
	};
	objectVersion = 46;
	objects = {

/* Begin PBXBuildFile section */
		086031EEDFC4380CEA78500D /* Pods_NoodleUITests.framework in Frameworks */ = {isa = PBXBuildFile; fileRef = FE5FCC2AFC1B293F484E57A5 /* Pods_NoodleUITests.framework */; };
		50AF421A1FA00CC900D4F252 /* Home.storyboard in Resources */ = {isa = PBXBuildFile; fileRef = 50AF42181FA00CC900D4F252 /* Home.storyboard */; };
		50AF421D1FA00DA800D4F252 /* SurveyList.storyboard in Resources */ = {isa = PBXBuildFile; fileRef = 50AF421B1FA00DA800D4F252 /* SurveyList.storyboard */; };
		50AF42201FA017F900D4F252 /* CreateSurvey.storyboard in Resources */ = {isa = PBXBuildFile; fileRef = 50AF421E1FA017F900D4F252 /* CreateSurvey.storyboard */; };
		50D384091FBA75690024F5CC /* QuestionFormViewController.swift in Sources */ = {isa = PBXBuildFile; fileRef = 50D384081FBA75690024F5CC /* QuestionFormViewController.swift */; };
		95A77F1A1FBA5BEE00B807F9 /* SurveyListViewController.swift in Sources */ = {isa = PBXBuildFile; fileRef = 95A77F191FBA5BEE00B807F9 /* SurveyListViewController.swift */; };
		95A77F1C1FBA5CF700B807F9 /* SurveyListTableViewCell.swift in Sources */ = {isa = PBXBuildFile; fileRef = 95A77F1B1FBA5CF700B807F9 /* SurveyListTableViewCell.swift */; };
		95A77F201FBA5FE100B807F9 /* HomeTableViewCell.swift in Sources */ = {isa = PBXBuildFile; fileRef = 95A77F1F1FBA5FE100B807F9 /* HomeTableViewCell.swift */; };
		95E8854F1FB3E98C0000DE6B /* SignUpViewController.swift in Sources */ = {isa = PBXBuildFile; fileRef = 95E8854E1FB3E98C0000DE6B /* SignUpViewController.swift */; };
		95E885511FB3F43C0000DE6B /* SignInViewController.swift in Sources */ = {isa = PBXBuildFile; fileRef = 95E885501FB3F43C0000DE6B /* SignInViewController.swift */; };
		95E885531FB40BD20000DE6B /* DashboardViewController.swift in Sources */ = {isa = PBXBuildFile; fileRef = 95E885521FB40BD20000DE6B /* DashboardViewController.swift */; };
		95E885551FB412420000DE6B /* ResetPasswordViewController.swift in Sources */ = {isa = PBXBuildFile; fileRef = 95E885541FB412420000DE6B /* ResetPasswordViewController.swift */; };
		D6AD6203460700600B607513 /* Pods_NoodleTests.framework in Frameworks */ = {isa = PBXBuildFile; fileRef = 0AB6E9BAC4242E89D6CE6B7E /* Pods_NoodleTests.framework */; };
		DD9E5B6FB32C22BA307EB7A0 /* Pods_Noodle.framework in Frameworks */ = {isa = PBXBuildFile; fileRef = 1689888EFFAF1224E24FE056 /* Pods_Noodle.framework */; };
		E4038FD31FB521B700749742 /* GoogleService-Info.plist in Resources */ = {isa = PBXBuildFile; fileRef = E4038FD21FB521B700749742 /* GoogleService-Info.plist */; };
		E41910CF1FA022F800060CF7 /* CreateSurveyViewController.swift in Sources */ = {isa = PBXBuildFile; fileRef = E41910CE1FA022F800060CF7 /* CreateSurveyViewController.swift */; };
		E46E8FA51FBEB3A10058086F /* Answer.swift in Sources */ = {isa = PBXBuildFile; fileRef = E46E8FA41FBEB3A10058086F /* Answer.swift */; };
		E4BECBF61F9FF9E800E9B5A0 /* AppDelegate.swift in Sources */ = {isa = PBXBuildFile; fileRef = E4BECBF51F9FF9E800E9B5A0 /* AppDelegate.swift */; };
		E4BECBFB1F9FF9E800E9B5A0 /* Main.storyboard in Resources */ = {isa = PBXBuildFile; fileRef = E4BECBF91F9FF9E800E9B5A0 /* Main.storyboard */; };
		E4BECBFD1F9FF9E800E9B5A0 /* Assets.xcassets in Resources */ = {isa = PBXBuildFile; fileRef = E4BECBFC1F9FF9E800E9B5A0 /* Assets.xcassets */; };
		E4BECC001F9FF9E800E9B5A0 /* LaunchScreen.storyboard in Resources */ = {isa = PBXBuildFile; fileRef = E4BECBFE1F9FF9E800E9B5A0 /* LaunchScreen.storyboard */; };
		E4BECC0B1F9FF9E800E9B5A0 /* NoodleTests.swift in Sources */ = {isa = PBXBuildFile; fileRef = E4BECC0A1F9FF9E800E9B5A0 /* NoodleTests.swift */; };
		E4BECC161F9FF9E800E9B5A0 /* NoodleUITests.swift in Sources */ = {isa = PBXBuildFile; fileRef = E4BECC151F9FF9E800E9B5A0 /* NoodleUITests.swift */; };
		E4DDA2AA1FBBE61A0072AC94 /* Survey.swift in Sources */ = {isa = PBXBuildFile; fileRef = E4DDA2A91FBBE61A0072AC94 /* Survey.swift */; };
		E4DDA2AC1FBBE6350072AC94 /* Question.swift in Sources */ = {isa = PBXBuildFile; fileRef = E4DDA2AB1FBBE6350072AC94 /* Question.swift */; };
		E4DDA2AE1FBBE6A30072AC94 /* User.swift in Sources */ = {isa = PBXBuildFile; fileRef = E4DDA2AD1FBBE6A30072AC94 /* User.swift */; };
/* End PBXBuildFile section */

/* Begin PBXContainerItemProxy section */
		E4BECC071F9FF9E800E9B5A0 /* PBXContainerItemProxy */ = {
			isa = PBXContainerItemProxy;
			containerPortal = E4BECBEA1F9FF9E800E9B5A0 /* Project object */;
			proxyType = 1;
			remoteGlobalIDString = E4BECBF11F9FF9E800E9B5A0;
			remoteInfo = Noodle;
		};
		E4BECC121F9FF9E800E9B5A0 /* PBXContainerItemProxy */ = {
			isa = PBXContainerItemProxy;
			containerPortal = E4BECBEA1F9FF9E800E9B5A0 /* Project object */;
			proxyType = 1;
			remoteGlobalIDString = E4BECBF11F9FF9E800E9B5A0;
			remoteInfo = Noodle;
		};
/* End PBXContainerItemProxy section */

/* Begin PBXFileReference section */
		0AB6E9BAC4242E89D6CE6B7E /* Pods_NoodleTests.framework */ = {isa = PBXFileReference; explicitFileType = wrapper.framework; includeInIndex = 0; path = Pods_NoodleTests.framework; sourceTree = BUILT_PRODUCTS_DIR; };
		1689888EFFAF1224E24FE056 /* Pods_Noodle.framework */ = {isa = PBXFileReference; explicitFileType = wrapper.framework; includeInIndex = 0; path = Pods_Noodle.framework; sourceTree = BUILT_PRODUCTS_DIR; };
		23F410A6D2BD6E2E4242D108 /* Pods-NoodleUITests.release.xcconfig */ = {isa = PBXFileReference; includeInIndex = 1; lastKnownFileType = text.xcconfig; name = "Pods-NoodleUITests.release.xcconfig"; path = "Pods/Target Support Files/Pods-NoodleUITests/Pods-NoodleUITests.release.xcconfig"; sourceTree = "<group>"; };
		50AF42191FA00CC900D4F252 /* Base */ = {isa = PBXFileReference; lastKnownFileType = file.storyboard; name = Base; path = Base.lproj/Home.storyboard; sourceTree = "<group>"; };
		50AF421C1FA00DA800D4F252 /* Base */ = {isa = PBXFileReference; lastKnownFileType = file.storyboard; name = Base; path = Base.lproj/SurveyList.storyboard; sourceTree = "<group>"; };
		50AF421F1FA017F900D4F252 /* Base */ = {isa = PBXFileReference; lastKnownFileType = file.storyboard; name = Base; path = Base.lproj/CreateSurvey.storyboard; sourceTree = "<group>"; };
		50D384081FBA75690024F5CC /* QuestionFormViewController.swift */ = {isa = PBXFileReference; fileEncoding = 4; lastKnownFileType = sourcecode.swift; path = QuestionFormViewController.swift; sourceTree = "<group>"; };
		5F2AD29291B7904834F95C44 /* Pods-Noodle.release.xcconfig */ = {isa = PBXFileReference; includeInIndex = 1; lastKnownFileType = text.xcconfig; name = "Pods-Noodle.release.xcconfig"; path = "Pods/Target Support Files/Pods-Noodle/Pods-Noodle.release.xcconfig"; sourceTree = "<group>"; };
		95A77F191FBA5BEE00B807F9 /* SurveyListViewController.swift */ = {isa = PBXFileReference; fileEncoding = 4; lastKnownFileType = sourcecode.swift; path = SurveyListViewController.swift; sourceTree = "<group>"; };
		95A77F1B1FBA5CF700B807F9 /* SurveyListTableViewCell.swift */ = {isa = PBXFileReference; fileEncoding = 4; lastKnownFileType = sourcecode.swift; path = SurveyListTableViewCell.swift; sourceTree = "<group>"; };
		95A77F1F1FBA5FE100B807F9 /* HomeTableViewCell.swift */ = {isa = PBXFileReference; fileEncoding = 4; lastKnownFileType = sourcecode.swift; path = HomeTableViewCell.swift; sourceTree = "<group>"; };
		95E8854E1FB3E98C0000DE6B /* SignUpViewController.swift */ = {isa = PBXFileReference; fileEncoding = 4; lastKnownFileType = sourcecode.swift; path = SignUpViewController.swift; sourceTree = "<group>"; };
		95E885501FB3F43C0000DE6B /* SignInViewController.swift */ = {isa = PBXFileReference; fileEncoding = 4; lastKnownFileType = sourcecode.swift; path = SignInViewController.swift; sourceTree = "<group>"; };
		95E885521FB40BD20000DE6B /* DashboardViewController.swift */ = {isa = PBXFileReference; fileEncoding = 4; lastKnownFileType = sourcecode.swift; path = DashboardViewController.swift; sourceTree = "<group>"; };
		95E885541FB412420000DE6B /* ResetPasswordViewController.swift */ = {isa = PBXFileReference; fileEncoding = 4; lastKnownFileType = sourcecode.swift; path = ResetPasswordViewController.swift; sourceTree = "<group>"; };
		BCF147094E5279FE3F9918BF /* Pods-Noodle.debug.xcconfig */ = {isa = PBXFileReference; includeInIndex = 1; lastKnownFileType = text.xcconfig; name = "Pods-Noodle.debug.xcconfig"; path = "Pods/Target Support Files/Pods-Noodle/Pods-Noodle.debug.xcconfig"; sourceTree = "<group>"; };
		C794588942B9CFAA2FCD4E59 /* Pods-NoodleUITests.debug.xcconfig */ = {isa = PBXFileReference; includeInIndex = 1; lastKnownFileType = text.xcconfig; name = "Pods-NoodleUITests.debug.xcconfig"; path = "Pods/Target Support Files/Pods-NoodleUITests/Pods-NoodleUITests.debug.xcconfig"; sourceTree = "<group>"; };
		CAA6900102B4A53D6BDDD0EE /* Pods-NoodleTests.debug.xcconfig */ = {isa = PBXFileReference; includeInIndex = 1; lastKnownFileType = text.xcconfig; name = "Pods-NoodleTests.debug.xcconfig"; path = "Pods/Target Support Files/Pods-NoodleTests/Pods-NoodleTests.debug.xcconfig"; sourceTree = "<group>"; };
		D1E3D8C9238F17833CA8B4D1 /* Pods-NoodleTests.release.xcconfig */ = {isa = PBXFileReference; includeInIndex = 1; lastKnownFileType = text.xcconfig; name = "Pods-NoodleTests.release.xcconfig"; path = "Pods/Target Support Files/Pods-NoodleTests/Pods-NoodleTests.release.xcconfig"; sourceTree = "<group>"; };
		E4038FD21FB521B700749742 /* GoogleService-Info.plist */ = {isa = PBXFileReference; fileEncoding = 4; lastKnownFileType = text.plist.xml; path = "GoogleService-Info.plist"; sourceTree = "<group>"; };
		E41910CE1FA022F800060CF7 /* CreateSurveyViewController.swift */ = {isa = PBXFileReference; fileEncoding = 4; lastKnownFileType = sourcecode.swift; path = CreateSurveyViewController.swift; sourceTree = "<group>"; };
		E46E8FA41FBEB3A10058086F /* Answer.swift */ = {isa = PBXFileReference; fileEncoding = 4; lastKnownFileType = sourcecode.swift; path = Answer.swift; sourceTree = "<group>"; };
		E4BECBF21F9FF9E800E9B5A0 /* Noodle.app */ = {isa = PBXFileReference; explicitFileType = wrapper.application; includeInIndex = 0; path = Noodle.app; sourceTree = BUILT_PRODUCTS_DIR; };
		E4BECBF51F9FF9E800E9B5A0 /* AppDelegate.swift */ = {isa = PBXFileReference; lastKnownFileType = sourcecode.swift; path = AppDelegate.swift; sourceTree = "<group>"; };
		E4BECBFA1F9FF9E800E9B5A0 /* Base */ = {isa = PBXFileReference; lastKnownFileType = file.storyboard; name = Base; path = Base.lproj/Main.storyboard; sourceTree = "<group>"; };
		E4BECBFC1F9FF9E800E9B5A0 /* Assets.xcassets */ = {isa = PBXFileReference; lastKnownFileType = folder.assetcatalog; path = Assets.xcassets; sourceTree = "<group>"; };
		E4BECBFF1F9FF9E800E9B5A0 /* Base */ = {isa = PBXFileReference; lastKnownFileType = file.storyboard; name = Base; path = Base.lproj/LaunchScreen.storyboard; sourceTree = "<group>"; };
		E4BECC011F9FF9E800E9B5A0 /* Info.plist */ = {isa = PBXFileReference; lastKnownFileType = text.plist.xml; path = Info.plist; sourceTree = "<group>"; };
		E4BECC061F9FF9E800E9B5A0 /* NoodleTests.xctest */ = {isa = PBXFileReference; explicitFileType = wrapper.cfbundle; includeInIndex = 0; path = NoodleTests.xctest; sourceTree = BUILT_PRODUCTS_DIR; };
		E4BECC0A1F9FF9E800E9B5A0 /* NoodleTests.swift */ = {isa = PBXFileReference; lastKnownFileType = sourcecode.swift; path = NoodleTests.swift; sourceTree = "<group>"; };
		E4BECC0C1F9FF9E800E9B5A0 /* Info.plist */ = {isa = PBXFileReference; lastKnownFileType = text.plist.xml; path = Info.plist; sourceTree = "<group>"; };
		E4BECC111F9FF9E800E9B5A0 /* NoodleUITests.xctest */ = {isa = PBXFileReference; explicitFileType = wrapper.cfbundle; includeInIndex = 0; path = NoodleUITests.xctest; sourceTree = BUILT_PRODUCTS_DIR; };
		E4BECC151F9FF9E800E9B5A0 /* NoodleUITests.swift */ = {isa = PBXFileReference; lastKnownFileType = sourcecode.swift; path = NoodleUITests.swift; sourceTree = "<group>"; };
		E4BECC171F9FF9E800E9B5A0 /* Info.plist */ = {isa = PBXFileReference; lastKnownFileType = text.plist.xml; path = Info.plist; sourceTree = "<group>"; };
		E4DDA2A91FBBE61A0072AC94 /* Survey.swift */ = {isa = PBXFileReference; fileEncoding = 4; lastKnownFileType = sourcecode.swift; path = Survey.swift; sourceTree = "<group>"; };
		E4DDA2AB1FBBE6350072AC94 /* Question.swift */ = {isa = PBXFileReference; fileEncoding = 4; lastKnownFileType = sourcecode.swift; path = Question.swift; sourceTree = "<group>"; };
		E4DDA2AD1FBBE6A30072AC94 /* User.swift */ = {isa = PBXFileReference; fileEncoding = 4; lastKnownFileType = sourcecode.swift; path = User.swift; sourceTree = "<group>"; };
		FE5FCC2AFC1B293F484E57A5 /* Pods_NoodleUITests.framework */ = {isa = PBXFileReference; explicitFileType = wrapper.framework; includeInIndex = 0; path = Pods_NoodleUITests.framework; sourceTree = BUILT_PRODUCTS_DIR; };
/* End PBXFileReference section */

/* Begin PBXFrameworksBuildPhase section */
		E4BECBEF1F9FF9E800E9B5A0 /* Frameworks */ = {
			isa = PBXFrameworksBuildPhase;
			buildActionMask = 2147483647;
			files = (
				DD9E5B6FB32C22BA307EB7A0 /* Pods_Noodle.framework in Frameworks */,
			);
			runOnlyForDeploymentPostprocessing = 0;
		};
		E4BECC031F9FF9E800E9B5A0 /* Frameworks */ = {
			isa = PBXFrameworksBuildPhase;
			buildActionMask = 2147483647;
			files = (
				D6AD6203460700600B607513 /* Pods_NoodleTests.framework in Frameworks */,
			);
			runOnlyForDeploymentPostprocessing = 0;
		};
		E4BECC0E1F9FF9E800E9B5A0 /* Frameworks */ = {
			isa = PBXFrameworksBuildPhase;
			buildActionMask = 2147483647;
			files = (
				086031EEDFC4380CEA78500D /* Pods_NoodleUITests.framework in Frameworks */,
			);
			runOnlyForDeploymentPostprocessing = 0;
		};
/* End PBXFrameworksBuildPhase section */

/* Begin PBXGroup section */
		26019DF3CA4B1FFB9AB8CB38 /* Pods */ = {
			isa = PBXGroup;
			children = (
				BCF147094E5279FE3F9918BF /* Pods-Noodle.debug.xcconfig */,
				5F2AD29291B7904834F95C44 /* Pods-Noodle.release.xcconfig */,
				CAA6900102B4A53D6BDDD0EE /* Pods-NoodleTests.debug.xcconfig */,
				D1E3D8C9238F17833CA8B4D1 /* Pods-NoodleTests.release.xcconfig */,
				C794588942B9CFAA2FCD4E59 /* Pods-NoodleUITests.debug.xcconfig */,
				23F410A6D2BD6E2E4242D108 /* Pods-NoodleUITests.release.xcconfig */,
			);
			name = Pods;
			sourceTree = "<group>";
		};
		3A90C90E1C3D99E4B9A668E3 /* Frameworks */ = {
			isa = PBXGroup;
			children = (
				1689888EFFAF1224E24FE056 /* Pods_Noodle.framework */,
				0AB6E9BAC4242E89D6CE6B7E /* Pods_NoodleTests.framework */,
				FE5FCC2AFC1B293F484E57A5 /* Pods_NoodleUITests.framework */,
			);
			name = Frameworks;
			sourceTree = "<group>";
		};
		E4BECBE91F9FF9E800E9B5A0 = {
			isa = PBXGroup;
			children = (
				E4BECBF41F9FF9E800E9B5A0 /* Noodle */,
				E4BECC091F9FF9E800E9B5A0 /* NoodleTests */,
				E4BECC141F9FF9E800E9B5A0 /* NoodleUITests */,
				E4BECBF31F9FF9E800E9B5A0 /* Products */,
				26019DF3CA4B1FFB9AB8CB38 /* Pods */,
				3A90C90E1C3D99E4B9A668E3 /* Frameworks */,
			);
			sourceTree = "<group>";
		};
		E4BECBF31F9FF9E800E9B5A0 /* Products */ = {
			isa = PBXGroup;
			children = (
				E4BECBF21F9FF9E800E9B5A0 /* Noodle.app */,
				E4BECC061F9FF9E800E9B5A0 /* NoodleTests.xctest */,
				E4BECC111F9FF9E800E9B5A0 /* NoodleUITests.xctest */,
			);
			name = Products;
			sourceTree = "<group>";
		};
		E4BECBF41F9FF9E800E9B5A0 /* Noodle */ = {
			isa = PBXGroup;
			children = (
				E4038FD21FB521B700749742 /* GoogleService-Info.plist */,
				E4DDA2A91FBBE61A0072AC94 /* Survey.swift */,
				E4DDA2AD1FBBE6A30072AC94 /* User.swift */,
				E4DDA2AB1FBBE6350072AC94 /* Question.swift */,
				E4BECBF51F9FF9E800E9B5A0 /* AppDelegate.swift */,
				E46E8FA41FBEB3A10058086F /* Answer.swift */,
				95E885501FB3F43C0000DE6B /* SignInViewController.swift */,
				95E8854E1FB3E98C0000DE6B /* SignUpViewController.swift */,
				95E885541FB412420000DE6B /* ResetPasswordViewController.swift */,
				95E885521FB40BD20000DE6B /* DashboardViewController.swift */,
				95A77F1F1FBA5FE100B807F9 /* HomeTableViewCell.swift */,
				E41910CE1FA022F800060CF7 /* CreateSurveyViewController.swift */,
				95A77F191FBA5BEE00B807F9 /* SurveyListViewController.swift */,
				95A77F1B1FBA5CF700B807F9 /* SurveyListTableViewCell.swift */,
				50AF421B1FA00DA800D4F252 /* SurveyList.storyboard */,
				50AF421E1FA017F900D4F252 /* CreateSurvey.storyboard */,
				50D384081FBA75690024F5CC /* QuestionFormViewController.swift */,
				E4BECBF91F9FF9E800E9B5A0 /* Main.storyboard */,
				50AF42181FA00CC900D4F252 /* Home.storyboard */,
				E4BECBFC1F9FF9E800E9B5A0 /* Assets.xcassets */,
				E4BECBFE1F9FF9E800E9B5A0 /* LaunchScreen.storyboard */,
				E4BECC011F9FF9E800E9B5A0 /* Info.plist */,
			);
			path = Noodle;
			sourceTree = "<group>";
		};
		E4BECC091F9FF9E800E9B5A0 /* NoodleTests */ = {
			isa = PBXGroup;
			children = (
				E4BECC0A1F9FF9E800E9B5A0 /* NoodleTests.swift */,
				E4BECC0C1F9FF9E800E9B5A0 /* Info.plist */,
			);
			path = NoodleTests;
			sourceTree = "<group>";
		};
		E4BECC141F9FF9E800E9B5A0 /* NoodleUITests */ = {
			isa = PBXGroup;
			children = (
				E4BECC151F9FF9E800E9B5A0 /* NoodleUITests.swift */,
				E4BECC171F9FF9E800E9B5A0 /* Info.plist */,
			);
			path = NoodleUITests;
			sourceTree = "<group>";
		};
/* End PBXGroup section */

/* Begin PBXNativeTarget section */
		E4BECBF11F9FF9E800E9B5A0 /* Noodle */ = {
			isa = PBXNativeTarget;
			buildConfigurationList = E4BECC1A1F9FF9E800E9B5A0 /* Build configuration list for PBXNativeTarget "Noodle" */;
			buildPhases = (
				AF7E438A449685642D617336 /* [CP] Check Pods Manifest.lock */,
				E4BECBEE1F9FF9E800E9B5A0 /* Sources */,
				E4BECBEF1F9FF9E800E9B5A0 /* Frameworks */,
				E4BECBF01F9FF9E800E9B5A0 /* Resources */,
				24FBDEEFACDB8AEEBB50B317 /* [CP] Embed Pods Frameworks */,
				4E138F4DA0AA9337DABE5759 /* [CP] Copy Pods Resources */,
			);
			buildRules = (
			);
			dependencies = (
			);
			name = Noodle;
			productName = Noodle;
			productReference = E4BECBF21F9FF9E800E9B5A0 /* Noodle.app */;
			productType = "com.apple.product-type.application";
		};
		E4BECC051F9FF9E800E9B5A0 /* NoodleTests */ = {
			isa = PBXNativeTarget;
			buildConfigurationList = E4BECC1D1F9FF9E800E9B5A0 /* Build configuration list for PBXNativeTarget "NoodleTests" */;
			buildPhases = (
				0818ED4067C45195B454930D /* [CP] Check Pods Manifest.lock */,
				E4BECC021F9FF9E800E9B5A0 /* Sources */,
				E4BECC031F9FF9E800E9B5A0 /* Frameworks */,
				E4BECC041F9FF9E800E9B5A0 /* Resources */,
				0161CF377CFCB7135CDCFD2C /* [CP] Embed Pods Frameworks */,
				7D26C58360BCC244BE07F329 /* [CP] Copy Pods Resources */,
			);
			buildRules = (
			);
			dependencies = (
				E4BECC081F9FF9E800E9B5A0 /* PBXTargetDependency */,
			);
			name = NoodleTests;
			productName = NoodleTests;
			productReference = E4BECC061F9FF9E800E9B5A0 /* NoodleTests.xctest */;
			productType = "com.apple.product-type.bundle.unit-test";
		};
		E4BECC101F9FF9E800E9B5A0 /* NoodleUITests */ = {
			isa = PBXNativeTarget;
			buildConfigurationList = E4BECC201F9FF9E800E9B5A0 /* Build configuration list for PBXNativeTarget "NoodleUITests" */;
			buildPhases = (
				1FE60395EC5E09022E62FCBC /* [CP] Check Pods Manifest.lock */,
				E4BECC0D1F9FF9E800E9B5A0 /* Sources */,
				E4BECC0E1F9FF9E800E9B5A0 /* Frameworks */,
				E4BECC0F1F9FF9E800E9B5A0 /* Resources */,
				71A3808A4CC36DC5D8BCC475 /* [CP] Embed Pods Frameworks */,
				A726D8E9ADACCBD8F60ED546 /* [CP] Copy Pods Resources */,
			);
			buildRules = (
			);
			dependencies = (
				E4BECC131F9FF9E800E9B5A0 /* PBXTargetDependency */,
			);
			name = NoodleUITests;
			productName = NoodleUITests;
			productReference = E4BECC111F9FF9E800E9B5A0 /* NoodleUITests.xctest */;
			productType = "com.apple.product-type.bundle.ui-testing";
		};
/* End PBXNativeTarget section */

/* Begin PBXProject section */
		E4BECBEA1F9FF9E800E9B5A0 /* Project object */ = {
			isa = PBXProject;
			attributes = {
				LastSwiftUpdateCheck = 0830;
				LastUpgradeCheck = 0830;
				ORGANIZATIONNAME = pen15club;
				TargetAttributes = {
					E4BECBF11F9FF9E800E9B5A0 = {
						CreatedOnToolsVersion = 8.3.3;
						DevelopmentTeam = 6WA6Y7KBQJ;
						ProvisioningStyle = Automatic;
					};
					E4BECC051F9FF9E800E9B5A0 = {
						CreatedOnToolsVersion = 8.3.3;
						DevelopmentTeam = 6WA6Y7KBQJ;
						ProvisioningStyle = Automatic;
						TestTargetID = E4BECBF11F9FF9E800E9B5A0;
					};
					E4BECC101F9FF9E800E9B5A0 = {
						CreatedOnToolsVersion = 8.3.3;
						DevelopmentTeam = 6WA6Y7KBQJ;
						ProvisioningStyle = Automatic;
						TestTargetID = E4BECBF11F9FF9E800E9B5A0;
					};
				};
			};
			buildConfigurationList = E4BECBED1F9FF9E800E9B5A0 /* Build configuration list for PBXProject "Noodle" */;
			compatibilityVersion = "Xcode 3.2";
			developmentRegion = English;
			hasScannedForEncodings = 0;
			knownRegions = (
				en,
				Base,
			);
			mainGroup = E4BECBE91F9FF9E800E9B5A0;
			productRefGroup = E4BECBF31F9FF9E800E9B5A0 /* Products */;
			projectDirPath = "";
			projectRoot = "";
			targets = (
				E4BECBF11F9FF9E800E9B5A0 /* Noodle */,
				E4BECC051F9FF9E800E9B5A0 /* NoodleTests */,
				E4BECC101F9FF9E800E9B5A0 /* NoodleUITests */,
			);
		};
/* End PBXProject section */

/* Begin PBXResourcesBuildPhase section */
		E4BECBF01F9FF9E800E9B5A0 /* Resources */ = {
			isa = PBXResourcesBuildPhase;
			buildActionMask = 2147483647;
			files = (
				50AF42201FA017F900D4F252 /* CreateSurvey.storyboard in Resources */,
				E4038FD31FB521B700749742 /* GoogleService-Info.plist in Resources */,
				50AF421D1FA00DA800D4F252 /* SurveyList.storyboard in Resources */,
				E4BECC001F9FF9E800E9B5A0 /* LaunchScreen.storyboard in Resources */,
				E4BECBFD1F9FF9E800E9B5A0 /* Assets.xcassets in Resources */,
				E4BECBFB1F9FF9E800E9B5A0 /* Main.storyboard in Resources */,
				50AF421A1FA00CC900D4F252 /* Home.storyboard in Resources */,
			);
			runOnlyForDeploymentPostprocessing = 0;
		};
		E4BECC041F9FF9E800E9B5A0 /* Resources */ = {
			isa = PBXResourcesBuildPhase;
			buildActionMask = 2147483647;
			files = (
			);
			runOnlyForDeploymentPostprocessing = 0;
		};
		E4BECC0F1F9FF9E800E9B5A0 /* Resources */ = {
			isa = PBXResourcesBuildPhase;
			buildActionMask = 2147483647;
			files = (
			);
			runOnlyForDeploymentPostprocessing = 0;
		};
/* End PBXResourcesBuildPhase section */

/* Begin PBXShellScriptBuildPhase section */
		0161CF377CFCB7135CDCFD2C /* [CP] Embed Pods Frameworks */ = {
			isa = PBXShellScriptBuildPhase;
			buildActionMask = 2147483647;
			files = (
			);
			inputPaths = (
			);
			name = "[CP] Embed Pods Frameworks";
			outputPaths = (
			);
			runOnlyForDeploymentPostprocessing = 0;
			shellPath = /bin/sh;
			shellScript = "\"${SRCROOT}/Pods/Target Support Files/Pods-NoodleTests/Pods-NoodleTests-frameworks.sh\"\n";
			showEnvVarsInLog = 0;
		};
		0818ED4067C45195B454930D /* [CP] Check Pods Manifest.lock */ = {
			isa = PBXShellScriptBuildPhase;
			buildActionMask = 2147483647;
			files = (
			);
			inputPaths = (
				"${PODS_PODFILE_DIR_PATH}/Podfile.lock",
				"${PODS_ROOT}/Manifest.lock",
			);
			name = "[CP] Check Pods Manifest.lock";
			outputPaths = (
				"$(DERIVED_FILE_DIR)/Pods-NoodleTests-checkManifestLockResult.txt",
			);
			runOnlyForDeploymentPostprocessing = 0;
			shellPath = /bin/sh;
			shellScript = "diff \"${PODS_PODFILE_DIR_PATH}/Podfile.lock\" \"${PODS_ROOT}/Manifest.lock\" > /dev/null\nif [ $? != 0 ] ; then\n    # print error to STDERR\n    echo \"error: The sandbox is not in sync with the Podfile.lock. Run 'pod install' or update your CocoaPods installation.\" >&2\n    exit 1\nfi\n# This output is used by Xcode 'outputs' to avoid re-running this script phase.\necho \"SUCCESS\" > \"${SCRIPT_OUTPUT_FILE_0}\"\n";
			showEnvVarsInLog = 0;
		};
		1FE60395EC5E09022E62FCBC /* [CP] Check Pods Manifest.lock */ = {
			isa = PBXShellScriptBuildPhase;
			buildActionMask = 2147483647;
			files = (
			);
			inputPaths = (
				"${PODS_PODFILE_DIR_PATH}/Podfile.lock",
				"${PODS_ROOT}/Manifest.lock",
			);
			name = "[CP] Check Pods Manifest.lock";
			outputPaths = (
				"$(DERIVED_FILE_DIR)/Pods-NoodleUITests-checkManifestLockResult.txt",
			);
			runOnlyForDeploymentPostprocessing = 0;
			shellPath = /bin/sh;
			shellScript = "diff \"${PODS_PODFILE_DIR_PATH}/Podfile.lock\" \"${PODS_ROOT}/Manifest.lock\" > /dev/null\nif [ $? != 0 ] ; then\n    # print error to STDERR\n    echo \"error: The sandbox is not in sync with the Podfile.lock. Run 'pod install' or update your CocoaPods installation.\" >&2\n    exit 1\nfi\n# This output is used by Xcode 'outputs' to avoid re-running this script phase.\necho \"SUCCESS\" > \"${SCRIPT_OUTPUT_FILE_0}\"\n";
			showEnvVarsInLog = 0;
		};
		24FBDEEFACDB8AEEBB50B317 /* [CP] Embed Pods Frameworks */ = {
			isa = PBXShellScriptBuildPhase;
			buildActionMask = 2147483647;
			files = (
			);
			inputPaths = (
				"${SRCROOT}/Pods/Target Support Files/Pods-Noodle/Pods-Noodle-frameworks.sh",
				"${BUILT_PRODUCTS_DIR}/GTMSessionFetcher/GTMSessionFetcher.framework",
				"${BUILT_PRODUCTS_DIR}/GoogleToolboxForMac/GoogleToolboxForMac.framework",
			);
			name = "[CP] Embed Pods Frameworks";
			outputPaths = (
				"${TARGET_BUILD_DIR}/${FRAMEWORKS_FOLDER_PATH}/GTMSessionFetcher.framework",
				"${TARGET_BUILD_DIR}/${FRAMEWORKS_FOLDER_PATH}/GoogleToolboxForMac.framework",
			);
			runOnlyForDeploymentPostprocessing = 0;
			shellPath = /bin/sh;
			shellScript = "\"${SRCROOT}/Pods/Target Support Files/Pods-Noodle/Pods-Noodle-frameworks.sh\"\n";
			showEnvVarsInLog = 0;
		};
		4E138F4DA0AA9337DABE5759 /* [CP] Copy Pods Resources */ = {
			isa = PBXShellScriptBuildPhase;
			buildActionMask = 2147483647;
			files = (
			);
			inputPaths = (
			);
			name = "[CP] Copy Pods Resources";
			outputPaths = (
			);
			runOnlyForDeploymentPostprocessing = 0;
			shellPath = /bin/sh;
			shellScript = "\"${SRCROOT}/Pods/Target Support Files/Pods-Noodle/Pods-Noodle-resources.sh\"\n";
			showEnvVarsInLog = 0;
		};
		71A3808A4CC36DC5D8BCC475 /* [CP] Embed Pods Frameworks */ = {
			isa = PBXShellScriptBuildPhase;
			buildActionMask = 2147483647;
			files = (
			);
			inputPaths = (
			);
			name = "[CP] Embed Pods Frameworks";
			outputPaths = (
			);
			runOnlyForDeploymentPostprocessing = 0;
			shellPath = /bin/sh;
			shellScript = "\"${SRCROOT}/Pods/Target Support Files/Pods-NoodleUITests/Pods-NoodleUITests-frameworks.sh\"\n";
			showEnvVarsInLog = 0;
		};
		7D26C58360BCC244BE07F329 /* [CP] Copy Pods Resources */ = {
			isa = PBXShellScriptBuildPhase;
			buildActionMask = 2147483647;
			files = (
			);
			inputPaths = (
			);
			name = "[CP] Copy Pods Resources";
			outputPaths = (
			);
			runOnlyForDeploymentPostprocessing = 0;
			shellPath = /bin/sh;
			shellScript = "\"${SRCROOT}/Pods/Target Support Files/Pods-NoodleTests/Pods-NoodleTests-resources.sh\"\n";
			showEnvVarsInLog = 0;
		};
		A726D8E9ADACCBD8F60ED546 /* [CP] Copy Pods Resources */ = {
			isa = PBXShellScriptBuildPhase;
			buildActionMask = 2147483647;
			files = (
			);
			inputPaths = (
			);
			name = "[CP] Copy Pods Resources";
			outputPaths = (
			);
			runOnlyForDeploymentPostprocessing = 0;
			shellPath = /bin/sh;
			shellScript = "\"${SRCROOT}/Pods/Target Support Files/Pods-NoodleUITests/Pods-NoodleUITests-resources.sh\"\n";
			showEnvVarsInLog = 0;
		};
		AF7E438A449685642D617336 /* [CP] Check Pods Manifest.lock */ = {
			isa = PBXShellScriptBuildPhase;
			buildActionMask = 2147483647;
			files = (
			);
			inputPaths = (
				"${PODS_PODFILE_DIR_PATH}/Podfile.lock",
				"${PODS_ROOT}/Manifest.lock",
			);
			name = "[CP] Check Pods Manifest.lock";
			outputPaths = (
				"$(DERIVED_FILE_DIR)/Pods-Noodle-checkManifestLockResult.txt",
			);
			runOnlyForDeploymentPostprocessing = 0;
			shellPath = /bin/sh;
			shellScript = "diff \"${PODS_PODFILE_DIR_PATH}/Podfile.lock\" \"${PODS_ROOT}/Manifest.lock\" > /dev/null\nif [ $? != 0 ] ; then\n    # print error to STDERR\n    echo \"error: The sandbox is not in sync with the Podfile.lock. Run 'pod install' or update your CocoaPods installation.\" >&2\n    exit 1\nfi\n# This output is used by Xcode 'outputs' to avoid re-running this script phase.\necho \"SUCCESS\" > \"${SCRIPT_OUTPUT_FILE_0}\"\n";
			showEnvVarsInLog = 0;
		};
/* End PBXShellScriptBuildPhase section */

/* Begin PBXSourcesBuildPhase section */
		E4BECBEE1F9FF9E800E9B5A0 /* Sources */ = {
			isa = PBXSourcesBuildPhase;
			buildActionMask = 2147483647;
			files = (
				E4DDA2AE1FBBE6A30072AC94 /* User.swift in Sources */,
				95E885511FB3F43C0000DE6B /* SignInViewController.swift in Sources */,
				E4BECBF61F9FF9E800E9B5A0 /* AppDelegate.swift in Sources */,
				E46E8FA51FBEB3A10058086F /* Answer.swift in Sources */,
				50D384091FBA75690024F5CC /* QuestionFormViewController.swift in Sources */,
				95E885531FB40BD20000DE6B /* DashboardViewController.swift in Sources */,
				95E885551FB412420000DE6B /* ResetPasswordViewController.swift in Sources */,
				95E8854F1FB3E98C0000DE6B /* SignUpViewController.swift in Sources */,
				E4DDA2AA1FBBE61A0072AC94 /* Survey.swift in Sources */,
				95A77F201FBA5FE100B807F9 /* HomeTableViewCell.swift in Sources */,
				95A77F1C1FBA5CF700B807F9 /* SurveyListTableViewCell.swift in Sources */,
				E4DDA2AC1FBBE6350072AC94 /* Question.swift in Sources */,
				95A77F1A1FBA5BEE00B807F9 /* SurveyListViewController.swift in Sources */,
				E41910CF1FA022F800060CF7 /* CreateSurveyViewController.swift in Sources */,
			);
			runOnlyForDeploymentPostprocessing = 0;
		};
		E4BECC021F9FF9E800E9B5A0 /* Sources */ = {
			isa = PBXSourcesBuildPhase;
			buildActionMask = 2147483647;
			files = (
				E4BECC0B1F9FF9E800E9B5A0 /* NoodleTests.swift in Sources */,
			);
			runOnlyForDeploymentPostprocessing = 0;
		};
		E4BECC0D1F9FF9E800E9B5A0 /* Sources */ = {
			isa = PBXSourcesBuildPhase;
			buildActionMask = 2147483647;
			files = (
				E4BECC161F9FF9E800E9B5A0 /* NoodleUITests.swift in Sources */,
			);
			runOnlyForDeploymentPostprocessing = 0;
		};
/* End PBXSourcesBuildPhase section */

/* Begin PBXTargetDependency section */
		E4BECC081F9FF9E800E9B5A0 /* PBXTargetDependency */ = {
			isa = PBXTargetDependency;
			target = E4BECBF11F9FF9E800E9B5A0 /* Noodle */;
			targetProxy = E4BECC071F9FF9E800E9B5A0 /* PBXContainerItemProxy */;
		};
		E4BECC131F9FF9E800E9B5A0 /* PBXTargetDependency */ = {
			isa = PBXTargetDependency;
			target = E4BECBF11F9FF9E800E9B5A0 /* Noodle */;
			targetProxy = E4BECC121F9FF9E800E9B5A0 /* PBXContainerItemProxy */;
		};
/* End PBXTargetDependency section */

/* Begin PBXVariantGroup section */
		50AF42181FA00CC900D4F252 /* Home.storyboard */ = {
			isa = PBXVariantGroup;
			children = (
				50AF42191FA00CC900D4F252 /* Base */,
			);
			name = Home.storyboard;
			sourceTree = "<group>";
		};
		50AF421B1FA00DA800D4F252 /* SurveyList.storyboard */ = {
			isa = PBXVariantGroup;
			children = (
				50AF421C1FA00DA800D4F252 /* Base */,
			);
			name = SurveyList.storyboard;
			sourceTree = "<group>";
		};
		50AF421E1FA017F900D4F252 /* CreateSurvey.storyboard */ = {
			isa = PBXVariantGroup;
			children = (
				50AF421F1FA017F900D4F252 /* Base */,
			);
			name = CreateSurvey.storyboard;
			sourceTree = "<group>";
		};
		E4BECBF91F9FF9E800E9B5A0 /* Main.storyboard */ = {
			isa = PBXVariantGroup;
			children = (
				E4BECBFA1F9FF9E800E9B5A0 /* Base */,
			);
			name = Main.storyboard;
			sourceTree = "<group>";
		};
		E4BECBFE1F9FF9E800E9B5A0 /* LaunchScreen.storyboard */ = {
			isa = PBXVariantGroup;
			children = (
				E4BECBFF1F9FF9E800E9B5A0 /* Base */,
			);
			name = LaunchScreen.storyboard;
			sourceTree = "<group>";
		};
/* End PBXVariantGroup section */

/* Begin XCBuildConfiguration section */
		E4BECC181F9FF9E800E9B5A0 /* Debug */ = {
			isa = XCBuildConfiguration;
			buildSettings = {
				ALWAYS_SEARCH_USER_PATHS = NO;
				CLANG_ANALYZER_NONNULL = YES;
				CLANG_ANALYZER_NUMBER_OBJECT_CONVERSION = YES_AGGRESSIVE;
				CLANG_CXX_LANGUAGE_STANDARD = "gnu++0x";
				CLANG_CXX_LIBRARY = "libc++";
				CLANG_ENABLE_MODULES = YES;
				CLANG_ENABLE_OBJC_ARC = YES;
				CLANG_WARN_BOOL_CONVERSION = YES;
				CLANG_WARN_CONSTANT_CONVERSION = YES;
				CLANG_WARN_DIRECT_OBJC_ISA_USAGE = YES_ERROR;
				CLANG_WARN_DOCUMENTATION_COMMENTS = YES;
				CLANG_WARN_EMPTY_BODY = YES;
				CLANG_WARN_ENUM_CONVERSION = YES;
				CLANG_WARN_INFINITE_RECURSION = YES;
				CLANG_WARN_INT_CONVERSION = YES;
				CLANG_WARN_OBJC_ROOT_CLASS = YES_ERROR;
				CLANG_WARN_SUSPICIOUS_MOVE = YES;
				CLANG_WARN_UNREACHABLE_CODE = YES;
				CLANG_WARN__DUPLICATE_METHOD_MATCH = YES;
				"CODE_SIGN_IDENTITY[sdk=iphoneos*]" = "iPhone Developer";
				COPY_PHASE_STRIP = NO;
				DEBUG_INFORMATION_FORMAT = dwarf;
				ENABLE_STRICT_OBJC_MSGSEND = YES;
				ENABLE_TESTABILITY = YES;
				GCC_C_LANGUAGE_STANDARD = gnu99;
				GCC_DYNAMIC_NO_PIC = NO;
				GCC_NO_COMMON_BLOCKS = YES;
				GCC_OPTIMIZATION_LEVEL = 0;
				GCC_PREPROCESSOR_DEFINITIONS = (
					"DEBUG=1",
					"$(inherited)",
				);
				GCC_WARN_64_TO_32_BIT_CONVERSION = YES;
				GCC_WARN_ABOUT_RETURN_TYPE = YES_ERROR;
				GCC_WARN_UNDECLARED_SELECTOR = YES;
				GCC_WARN_UNINITIALIZED_AUTOS = YES_AGGRESSIVE;
				GCC_WARN_UNUSED_FUNCTION = YES;
				GCC_WARN_UNUSED_VARIABLE = YES;
				IPHONEOS_DEPLOYMENT_TARGET = 10.3;
				MTL_ENABLE_DEBUG_INFO = YES;
				ONLY_ACTIVE_ARCH = YES;
				SDKROOT = iphoneos;
				SWIFT_ACTIVE_COMPILATION_CONDITIONS = DEBUG;
				SWIFT_OPTIMIZATION_LEVEL = "-Onone";
				TARGETED_DEVICE_FAMILY = "1,2";
			};
			name = Debug;
		};
		E4BECC191F9FF9E800E9B5A0 /* Release */ = {
			isa = XCBuildConfiguration;
			buildSettings = {
				ALWAYS_SEARCH_USER_PATHS = NO;
				CLANG_ANALYZER_NONNULL = YES;
				CLANG_ANALYZER_NUMBER_OBJECT_CONVERSION = YES_AGGRESSIVE;
				CLANG_CXX_LANGUAGE_STANDARD = "gnu++0x";
				CLANG_CXX_LIBRARY = "libc++";
				CLANG_ENABLE_MODULES = YES;
				CLANG_ENABLE_OBJC_ARC = YES;
				CLANG_WARN_BOOL_CONVERSION = YES;
				CLANG_WARN_CONSTANT_CONVERSION = YES;
				CLANG_WARN_DIRECT_OBJC_ISA_USAGE = YES_ERROR;
				CLANG_WARN_DOCUMENTATION_COMMENTS = YES;
				CLANG_WARN_EMPTY_BODY = YES;
				CLANG_WARN_ENUM_CONVERSION = YES;
				CLANG_WARN_INFINITE_RECURSION = YES;
				CLANG_WARN_INT_CONVERSION = YES;
				CLANG_WARN_OBJC_ROOT_CLASS = YES_ERROR;
				CLANG_WARN_SUSPICIOUS_MOVE = YES;
				CLANG_WARN_UNREACHABLE_CODE = YES;
				CLANG_WARN__DUPLICATE_METHOD_MATCH = YES;
				"CODE_SIGN_IDENTITY[sdk=iphoneos*]" = "iPhone Developer";
				COPY_PHASE_STRIP = NO;
				DEBUG_INFORMATION_FORMAT = "dwarf-with-dsym";
				ENABLE_NS_ASSERTIONS = NO;
				ENABLE_STRICT_OBJC_MSGSEND = YES;
				GCC_C_LANGUAGE_STANDARD = gnu99;
				GCC_NO_COMMON_BLOCKS = YES;
				GCC_WARN_64_TO_32_BIT_CONVERSION = YES;
				GCC_WARN_ABOUT_RETURN_TYPE = YES_ERROR;
				GCC_WARN_UNDECLARED_SELECTOR = YES;
				GCC_WARN_UNINITIALIZED_AUTOS = YES_AGGRESSIVE;
				GCC_WARN_UNUSED_FUNCTION = YES;
				GCC_WARN_UNUSED_VARIABLE = YES;
				IPHONEOS_DEPLOYMENT_TARGET = 10.3;
				MTL_ENABLE_DEBUG_INFO = NO;
				SDKROOT = iphoneos;
				SWIFT_OPTIMIZATION_LEVEL = "-Owholemodule";
				TARGETED_DEVICE_FAMILY = "1,2";
				VALIDATE_PRODUCT = YES;
			};
			name = Release;
		};
		E4BECC1B1F9FF9E800E9B5A0 /* Debug */ = {
			isa = XCBuildConfiguration;
			baseConfigurationReference = BCF147094E5279FE3F9918BF /* Pods-Noodle.debug.xcconfig */;
			buildSettings = {
				ASSETCATALOG_COMPILER_APPICON_NAME = AppIcon;
				DEVELOPMENT_TEAM = 6WA6Y7KBQJ;
				INFOPLIST_FILE = Noodle/Info.plist;
				IPHONEOS_DEPLOYMENT_TARGET = 10.1;
				LD_RUNPATH_SEARCH_PATHS = "$(inherited) @executable_path/Frameworks";
				PRODUCT_BUNDLE_IDENTIFIER = pen15club.Noodle;
				PRODUCT_NAME = "$(TARGET_NAME)";
				SWIFT_VERSION = 3.0;
			};
			name = Debug;
		};
		E4BECC1C1F9FF9E800E9B5A0 /* Release */ = {
			isa = XCBuildConfiguration;
			baseConfigurationReference = 5F2AD29291B7904834F95C44 /* Pods-Noodle.release.xcconfig */;
			buildSettings = {
				ASSETCATALOG_COMPILER_APPICON_NAME = AppIcon;
				DEVELOPMENT_TEAM = 6WA6Y7KBQJ;
				INFOPLIST_FILE = Noodle/Info.plist;
				IPHONEOS_DEPLOYMENT_TARGET = 10.1;
				LD_RUNPATH_SEARCH_PATHS = "$(inherited) @executable_path/Frameworks";
				PRODUCT_BUNDLE_IDENTIFIER = pen15club.Noodle;
				PRODUCT_NAME = "$(TARGET_NAME)";
				SWIFT_VERSION = 3.0;
			};
			name = Release;
		};
		E4BECC1E1F9FF9E800E9B5A0 /* Debug */ = {
			isa = XCBuildConfiguration;
			baseConfigurationReference = CAA6900102B4A53D6BDDD0EE /* Pods-NoodleTests.debug.xcconfig */;
			buildSettings = {
				ALWAYS_EMBED_SWIFT_STANDARD_LIBRARIES = YES;
				BUNDLE_LOADER = "$(TEST_HOST)";
				DEVELOPMENT_TEAM = 6WA6Y7KBQJ;
				INFOPLIST_FILE = NoodleTests/Info.plist;
				IPHONEOS_DEPLOYMENT_TARGET = 10.1;
				LD_RUNPATH_SEARCH_PATHS = "$(inherited) @executable_path/Frameworks @loader_path/Frameworks";
				PRODUCT_BUNDLE_IDENTIFIER = pen15club.NoodleTests;
				PRODUCT_NAME = "$(TARGET_NAME)";
				SWIFT_VERSION = 3.0;
				TEST_HOST = "$(BUILT_PRODUCTS_DIR)/Noodle.app/Noodle";
			};
			name = Debug;
		};
		E4BECC1F1F9FF9E800E9B5A0 /* Release */ = {
			isa = XCBuildConfiguration;
			baseConfigurationReference = D1E3D8C9238F17833CA8B4D1 /* Pods-NoodleTests.release.xcconfig */;
			buildSettings = {
				ALWAYS_EMBED_SWIFT_STANDARD_LIBRARIES = YES;
				BUNDLE_LOADER = "$(TEST_HOST)";
				DEVELOPMENT_TEAM = 6WA6Y7KBQJ;
				INFOPLIST_FILE = NoodleTests/Info.plist;
				IPHONEOS_DEPLOYMENT_TARGET = 10.1;
				LD_RUNPATH_SEARCH_PATHS = "$(inherited) @executable_path/Frameworks @loader_path/Frameworks";
				PRODUCT_BUNDLE_IDENTIFIER = pen15club.NoodleTests;
				PRODUCT_NAME = "$(TARGET_NAME)";
				SWIFT_VERSION = 3.0;
				TEST_HOST = "$(BUILT_PRODUCTS_DIR)/Noodle.app/Noodle";
			};
			name = Release;
		};
		E4BECC211F9FF9E800E9B5A0 /* Debug */ = {
			isa = XCBuildConfiguration;
			baseConfigurationReference = C794588942B9CFAA2FCD4E59 /* Pods-NoodleUITests.debug.xcconfig */;
			buildSettings = {
				ALWAYS_EMBED_SWIFT_STANDARD_LIBRARIES = YES;
				DEVELOPMENT_TEAM = 6WA6Y7KBQJ;
				INFOPLIST_FILE = NoodleUITests/Info.plist;
				IPHONEOS_DEPLOYMENT_TARGET = 10.1;
				LD_RUNPATH_SEARCH_PATHS = "$(inherited) @executable_path/Frameworks @loader_path/Frameworks";
				PRODUCT_BUNDLE_IDENTIFIER = pen15club.NoodleUITests;
				PRODUCT_NAME = "$(TARGET_NAME)";
				SWIFT_VERSION = 3.0;
				TEST_TARGET_NAME = Noodle;
			};
			name = Debug;
		};
		E4BECC221F9FF9E800E9B5A0 /* Release */ = {
			isa = XCBuildConfiguration;
			baseConfigurationReference = 23F410A6D2BD6E2E4242D108 /* Pods-NoodleUITests.release.xcconfig */;
			buildSettings = {
				ALWAYS_EMBED_SWIFT_STANDARD_LIBRARIES = YES;
				DEVELOPMENT_TEAM = 6WA6Y7KBQJ;
				INFOPLIST_FILE = NoodleUITests/Info.plist;
				IPHONEOS_DEPLOYMENT_TARGET = 10.1;
				LD_RUNPATH_SEARCH_PATHS = "$(inherited) @executable_path/Frameworks @loader_path/Frameworks";
				PRODUCT_BUNDLE_IDENTIFIER = pen15club.NoodleUITests;
				PRODUCT_NAME = "$(TARGET_NAME)";
				SWIFT_VERSION = 3.0;
				TEST_TARGET_NAME = Noodle;
			};
			name = Release;
		};
/* End XCBuildConfiguration section */

/* Begin XCConfigurationList section */
		E4BECBED1F9FF9E800E9B5A0 /* Build configuration list for PBXProject "Noodle" */ = {
			isa = XCConfigurationList;
			buildConfigurations = (
				E4BECC181F9FF9E800E9B5A0 /* Debug */,
				E4BECC191F9FF9E800E9B5A0 /* Release */,
			);
			defaultConfigurationIsVisible = 0;
			defaultConfigurationName = Release;
		};
		E4BECC1A1F9FF9E800E9B5A0 /* Build configuration list for PBXNativeTarget "Noodle" */ = {
			isa = XCConfigurationList;
			buildConfigurations = (
				E4BECC1B1F9FF9E800E9B5A0 /* Debug */,
				E4BECC1C1F9FF9E800E9B5A0 /* Release */,
			);
			defaultConfigurationIsVisible = 0;
			defaultConfigurationName = Release;
		};
		E4BECC1D1F9FF9E800E9B5A0 /* Build configuration list for PBXNativeTarget "NoodleTests" */ = {
			isa = XCConfigurationList;
			buildConfigurations = (
				E4BECC1E1F9FF9E800E9B5A0 /* Debug */,
				E4BECC1F1F9FF9E800E9B5A0 /* Release */,
			);
			defaultConfigurationIsVisible = 0;
			defaultConfigurationName = Release;
		};
		E4BECC201F9FF9E800E9B5A0 /* Build configuration list for PBXNativeTarget "NoodleUITests" */ = {
			isa = XCConfigurationList;
			buildConfigurations = (
				E4BECC211F9FF9E800E9B5A0 /* Debug */,
				E4BECC221F9FF9E800E9B5A0 /* Release */,
			);
			defaultConfigurationIsVisible = 0;
			defaultConfigurationName = Release;
		};
/* End XCConfigurationList section */
	};
	rootObject = E4BECBEA1F9FF9E800E9B5A0 /* Project object */;
}
